// !$*UTF8*$!
{
	archiveVersion = 1;
	classes = {
	};
	objectVersion = 46;
	objects = {

/* Begin PBXBuildFile section */
		955C3E181E700DAA006C023A /* AppDelegate.swift in Sources */ = {isa = PBXBuildFile; fileRef = 955C3E171E700DAA006C023A /* AppDelegate.swift */; };
		955C3E1A1E700DAA006C023A /* ViewController.swift in Sources */ = {isa = PBXBuildFile; fileRef = 955C3E191E700DAA006C023A /* ViewController.swift */; };
		955C3E1D1E700DAA006C023A /* Main.storyboard in Resources */ = {isa = PBXBuildFile; fileRef = 955C3E1B1E700DAA006C023A /* Main.storyboard */; };
		955C3E1F1E700DAA006C023A /* Assets.xcassets in Resources */ = {isa = PBXBuildFile; fileRef = 955C3E1E1E700DAA006C023A /* Assets.xcassets */; };
		955C3E221E700DAA006C023A /* LaunchScreen.storyboard in Resources */ = {isa = PBXBuildFile; fileRef = 955C3E201E700DAA006C023A /* LaunchScreen.storyboard */; };
		955C3E2D1E700DAA006C023A /* GoodAsOldPhonesTests.swift in Sources */ = {isa = PBXBuildFile; fileRef = 955C3E2C1E700DAA006C023A /* GoodAsOldPhonesTests.swift */; };
		955C3E381E700DAA006C023A /* GoodAsOldPhonesUITests.swift in Sources */ = {isa = PBXBuildFile; fileRef = 955C3E371E700DAA006C023A /* GoodAsOldPhonesUITests.swift */; };
/* End PBXBuildFile section */

/* Begin PBXContainerItemProxy section */
		955C3E291E700DAA006C023A /* PBXContainerItemProxy */ = {
			isa = PBXContainerItemProxy;
			containerPortal = 955C3E0C1E700DAA006C023A /* Project object */;
			proxyType = 1;
			remoteGlobalIDString = 955C3E131E700DAA006C023A;
			remoteInfo = GoodAsOldPhones;
		};
		955C3E341E700DAA006C023A /* PBXContainerItemProxy */ = {
			isa = PBXContainerItemProxy;
			containerPortal = 955C3E0C1E700DAA006C023A /* Project object */;
			proxyType = 1;
			remoteGlobalIDString = 955C3E131E700DAA006C023A;
			remoteInfo = GoodAsOldPhones;
		};
/* End PBXContainerItemProxy section */

/* Begin PBXFileReference section */
		955C3E141E700DAA006C023A /* GoodAsOldPhones.app */ = {isa = PBXFileReference; explicitFileType = wrapper.application; includeInIndex = 0; path = GoodAsOldPhones.app; sourceTree = BUILT_PRODUCTS_DIR; };
		955C3E171E700DAA006C023A /* AppDelegate.swift */ = {isa = PBXFileReference; lastKnownFileType = sourcecode.swift; path = AppDelegate.swift; sourceTree = "<group>"; };
		955C3E191E700DAA006C023A /* ViewController.swift */ = {isa = PBXFileReference; lastKnownFileType = sourcecode.swift; path = ViewController.swift; sourceTree = "<group>"; };
		955C3E1C1E700DAA006C023A /* Base */ = {isa = PBXFileReference; lastKnownFileType = file.storyboard; name = Base; path = Base.lproj/Main.storyboard; sourceTree = "<group>"; };
		955C3E1E1E700DAA006C023A /* Assets.xcassets */ = {isa = PBXFileReference; lastKnownFileType = folder.assetcatalog; path = Assets.xcassets; sourceTree = "<group>"; };
		955C3E211E700DAA006C023A /* Base */ = {isa = PBXFileReference; lastKnownFileType = file.storyboard; name = Base; path = Base.lproj/LaunchScreen.storyboard; sourceTree = "<group>"; };
		955C3E231E700DAA006C023A /* Info.plist */ = {isa = PBXFileReference; lastKnownFileType = text.plist.xml; path = Info.plist; sourceTree = "<group>"; };
		955C3E281E700DAA006C023A /* GoodAsOldPhonesTests.xctest */ = {isa = PBXFileReference; explicitFileType = wrapper.cfbundle; includeInIndex = 0; path = GoodAsOldPhonesTests.xctest; sourceTree = BUILT_PRODUCTS_DIR; };
		955C3E2C1E700DAA006C023A /* GoodAsOldPhonesTests.swift */ = {isa = PBXFileReference; lastKnownFileType = sourcecode.swift; path = GoodAsOldPhonesTests.swift; sourceTree = "<group>"; };
		955C3E2E1E700DAA006C023A /* Info.plist */ = {isa = PBXFileReference; lastKnownFileType = text.plist.xml; path = Info.plist; sourceTree = "<group>"; };
		955C3E331E700DAA006C023A /* GoodAsOldPhonesUITests.xctest */ = {isa = PBXFileReference; explicitFileType = wrapper.cfbundle; includeInIndex = 0; path = GoodAsOldPhonesUITests.xctest; sourceTree = BUILT_PRODUCTS_DIR; };
		955C3E371E700DAA006C023A /* GoodAsOldPhonesUITests.swift */ = {isa = PBXFileReference; lastKnownFileType = sourcecode.swift; path = GoodAsOldPhonesUITests.swift; sourceTree = "<group>"; };
		955C3E391E700DAA006C023A /* Info.plist */ = {isa = PBXFileReference; lastKnownFileType = text.plist.xml; path = Info.plist; sourceTree = "<group>"; };
/* End PBXFileReference section */

/* Begin PBXFrameworksBuildPhase section */
		955C3E111E700DAA006C023A /* Frameworks */ = {
			isa = PBXFrameworksBuildPhase;
			buildActionMask = 2147483647;
			files = (
			);
			runOnlyForDeploymentPostprocessing = 0;
		};
		955C3E251E700DAA006C023A /* Frameworks */ = {
			isa = PBXFrameworksBuildPhase;
			buildActionMask = 2147483647;
			files = (
			);
			runOnlyForDeploymentPostprocessing = 0;
		};
		955C3E301E700DAA006C023A /* Frameworks */ = {
			isa = PBXFrameworksBuildPhase;
			buildActionMask = 2147483647;
			files = (
			);
			runOnlyForDeploymentPostprocessing = 0;
		};
/* End PBXFrameworksBuildPhase section */

/* Begin PBXGroup section */
		955C3E0B1E700DAA006C023A = {
			isa = PBXGroup;
			children = (
				955C3E161E700DAA006C023A /* GoodAsOldPhones */,
				955C3E2B1E700DAA006C023A /* GoodAsOldPhonesTests */,
				955C3E361E700DAA006C023A /* GoodAsOldPhonesUITests */,
				955C3E151E700DAA006C023A /* Products */,
			);
			sourceTree = "<group>";
		};
		955C3E151E700DAA006C023A /* Products */ = {
			isa = PBXGroup;
			children = (
				955C3E141E700DAA006C023A /* GoodAsOldPhones.app */,
				955C3E281E700DAA006C023A /* GoodAsOldPhonesTests.xctest */,
				955C3E331E700DAA006C023A /* GoodAsOldPhonesUITests.xctest */,
			);
			name = Products;
			sourceTree = "<group>";
		};
		955C3E161E700DAA006C023A /* GoodAsOldPhones */ = {
			isa = PBXGroup;
			children = (
				955C3E171E700DAA006C023A /* AppDelegate.swift */,
				955C3E191E700DAA006C023A /* ViewController.swift */,
				955C3E1B1E700DAA006C023A /* Main.storyboard */,
				955C3E1E1E700DAA006C023A /* Assets.xcassets */,
				955C3E201E700DAA006C023A /* LaunchScreen.storyboard */,
				955C3E231E700DAA006C023A /* Info.plist */,
			);
			path = GoodAsOldPhones;
			sourceTree = "<group>";
		};
		955C3E2B1E700DAA006C023A /* GoodAsOldPhonesTests */ = {
			isa = PBXGroup;
			children = (
				955C3E2C1E700DAA006C023A /* GoodAsOldPhonesTests.swift */,
				955C3E2E1E700DAA006C023A /* Info.plist */,
			);
			path = GoodAsOldPhonesTests;
			sourceTree = "<group>";
		};
		955C3E361E700DAA006C023A /* GoodAsOldPhonesUITests */ = {
			isa = PBXGroup;
			children = (
				955C3E371E700DAA006C023A /* GoodAsOldPhonesUITests.swift */,
				955C3E391E700DAA006C023A /* Info.plist */,
			);
			path = GoodAsOldPhonesUITests;
			sourceTree = "<group>";
		};
/* End PBXGroup section */

/* Begin PBXNativeTarget section */
		955C3E131E700DAA006C023A /* GoodAsOldPhones */ = {
			isa = PBXNativeTarget;
			buildConfigurationList = 955C3E3C1E700DAA006C023A /* Build configuration list for PBXNativeTarget "GoodAsOldPhones" */;
			buildPhases = (
				955C3E101E700DAA006C023A /* Sources */,
				955C3E111E700DAA006C023A /* Frameworks */,
				955C3E121E700DAA006C023A /* Resources */,
			);
			buildRules = (
			);
			dependencies = (
			);
			name = GoodAsOldPhones;
			productName = GoodAsOldPhones;
			productReference = 955C3E141E700DAA006C023A /* GoodAsOldPhones.app */;
			productType = "com.apple.product-type.application";
		};
		955C3E271E700DAA006C023A /* GoodAsOldPhonesTests */ = {
			isa = PBXNativeTarget;
			buildConfigurationList = 955C3E3F1E700DAA006C023A /* Build configuration list for PBXNativeTarget "GoodAsOldPhonesTests" */;
			buildPhases = (
				955C3E241E700DAA006C023A /* Sources */,
				955C3E251E700DAA006C023A /* Frameworks */,
				955C3E261E700DAA006C023A /* Resources */,
			);
			buildRules = (
			);
			dependencies = (
				955C3E2A1E700DAA006C023A /* PBXTargetDependency */,
			);
			name = GoodAsOldPhonesTests;
			productName = GoodAsOldPhonesTests;
			productReference = 955C3E281E700DAA006C023A /* GoodAsOldPhonesTests.xctest */;
			productType = "com.apple.product-type.bundle.unit-test";
		};
		955C3E321E700DAA006C023A /* GoodAsOldPhonesUITests */ = {
			isa = PBXNativeTarget;
			buildConfigurationList = 955C3E421E700DAA006C023A /* Build configuration list for PBXNativeTarget "GoodAsOldPhonesUITests" */;
			buildPhases = (
				955C3E2F1E700DAA006C023A /* Sources */,
				955C3E301E700DAA006C023A /* Frameworks */,
				955C3E311E700DAA006C023A /* Resources */,
			);
			buildRules = (
			);
			dependencies = (
				955C3E351E700DAA006C023A /* PBXTargetDependency */,
			);
			name = GoodAsOldPhonesUITests;
			productName = GoodAsOldPhonesUITests;
			productReference = 955C3E331E700DAA006C023A /* GoodAsOldPhonesUITests.xctest */;
			productType = "com.apple.product-type.bundle.ui-testing";
		};
/* End PBXNativeTarget section */

/* Begin PBXProject section */
		955C3E0C1E700DAA006C023A /* Project object */ = {
			isa = PBXProject;
			attributes = {
				LastSwiftUpdateCheck = 0820;
				LastUpgradeCheck = 0820;
				ORGANIZATIONNAME = "zby personal";
				TargetAttributes = {
					955C3E131E700DAA006C023A = {
						CreatedOnToolsVersion = 8.2.1;
						ProvisioningStyle = Automatic;
					};
					955C3E271E700DAA006C023A = {
						CreatedOnToolsVersion = 8.2.1;
						ProvisioningStyle = Automatic;
						TestTargetID = 955C3E131E700DAA006C023A;
					};
					955C3E321E700DAA006C023A = {
						CreatedOnToolsVersion = 8.2.1;
						ProvisioningStyle = Automatic;
						TestTargetID = 955C3E131E700DAA006C023A;
					};
				};
			};
			buildConfigurationList = 955C3E0F1E700DAA006C023A /* Build configuration list for PBXProject "GoodAsOldPhones" */;
			compatibilityVersion = "Xcode 3.2";
			developmentRegion = English;
			hasScannedForEncodings = 0;
			knownRegions = (
				en,
				Base,
			);
			mainGroup = 955C3E0B1E700DAA006C023A;
			productRefGroup = 955C3E151E700DAA006C023A /* Products */;
			projectDirPath = "";
			projectRoot = "";
			targets = (
				955C3E131E700DAA006C023A /* GoodAsOldPhones */,
				955C3E271E700DAA006C023A /* GoodAsOldPhonesTests */,
				955C3E321E700DAA006C023A /* GoodAsOldPhonesUITests */,
			);
		};
/* End PBXProject section */

/* Begin PBXResourcesBuildPhase section */
		955C3E121E700DAA006C023A /* Resources */ = {
			isa = PBXResourcesBuildPhase;
			buildActionMask = 2147483647;
			files = (
				955C3E221E700DAA006C023A /* LaunchScreen.storyboard in Resources */,
				955C3E1F1E700DAA006C023A /* Assets.xcassets in Resources */,
				955C3E1D1E700DAA006C023A /* Main.storyboard in Resources */,
			);
			runOnlyForDeploymentPostprocessing = 0;
		};
		955C3E261E700DAA006C023A /* Resources */ = {
			isa = PBXResourcesBuildPhase;
			buildActionMask = 2147483647;
			files = (
			);
			runOnlyForDeploymentPostprocessing = 0;
		};
		955C3E311E700DAA006C023A /* Resources */ = {
			isa = PBXResourcesBuildPhase;
			buildActionMask = 2147483647;
			files = (
			);
			runOnlyForDeploymentPostprocessing = 0;
		};
/* End PBXResourcesBuildPhase section */

/* Begin PBXSourcesBuildPhase section */
		955C3E101E700DAA006C023A /* Sources */ = {
			isa = PBXSourcesBuildPhase;
			buildActionMask = 2147483647;
			files = (
				955C3E1A1E700DAA006C023A /* ViewController.swift in Sources */,
				955C3E181E700DAA006C023A /* AppDelegate.swift in Sources */,
			);
			runOnlyForDeploymentPostprocessing = 0;
		};
		955C3E241E700DAA006C023A /* Sources */ = {
			isa = PBXSourcesBuildPhase;
			buildActionMask = 2147483647;
			files = (
				955C3E2D1E700DAA006C023A /* GoodAsOldPhonesTests.swift in Sources */,
			);
			runOnlyForDeploymentPostprocessing = 0;
		};
		955C3E2F1E700DAA006C023A /* Sources */ = {
			isa = PBXSourcesBuildPhase;
			buildActionMask = 2147483647;
			files = (
				955C3E381E700DAA006C023A /* GoodAsOldPhonesUITests.swift in Sources */,
			);
			runOnlyForDeploymentPostprocessing = 0;
		};
/* End PBXSourcesBuildPhase section */

/* Begin PBXTargetDependency section */
		955C3E2A1E700DAA006C023A /* PBXTargetDependency */ = {
			isa = PBXTargetDependency;
			target = 955C3E131E700DAA006C023A /* GoodAsOldPhones */;
			targetProxy = 955C3E291E700DAA006C023A /* PBXContainerItemProxy */;
		};
		955C3E351E700DAA006C023A /* PBXTargetDependency */ = {
			isa = PBXTargetDependency;
			target = 955C3E131E700DAA006C023A /* GoodAsOldPhones */;
			targetProxy = 955C3E341E700DAA006C023A /* PBXContainerItemProxy */;
		};
/* End PBXTargetDependency section */

/* Begin PBXVariantGroup section */
		955C3E1B1E700DAA006C023A /* Main.storyboard */ = {
			isa = PBXVariantGroup;
			children = (
				955C3E1C1E700DAA006C023A /* Base */,
			);
			name = Main.storyboard;
			sourceTree = "<group>";
		};
		955C3E201E700DAA006C023A /* LaunchScreen.storyboard */ = {
			isa = PBXVariantGroup;
			children = (
				955C3E211E700DAA006C023A /* Base */,
			);
			name = LaunchScreen.storyboard;
			sourceTree = "<group>";
		};
/* End PBXVariantGroup section */

/* Begin XCBuildConfiguration section */
		955C3E3A1E700DAA006C023A /* Debug */ = {
			isa = XCBuildConfiguration;
			buildSettings = {
				ALWAYS_SEARCH_USER_PATHS = NO;
				CLANG_ANALYZER_NONNULL = YES;
				CLANG_CXX_LANGUAGE_STANDARD = "gnu++0x";
				CLANG_CXX_LIBRARY = "libc++";
				CLANG_ENABLE_MODULES = YES;
				CLANG_ENABLE_OBJC_ARC = YES;
				CLANG_WARN_BOOL_CONVERSION = YES;
				CLANG_WARN_CONSTANT_CONVERSION = YES;
				CLANG_WARN_DIRECT_OBJC_ISA_USAGE = YES_ERROR;
				CLANG_WARN_DOCUMENTATION_COMMENTS = YES;
				CLANG_WARN_EMPTY_BODY = YES;
				CLANG_WARN_ENUM_CONVERSION = YES;
				CLANG_WARN_INFINITE_RECURSION = YES;
				CLANG_WARN_INT_CONVERSION = YES;
				CLANG_WARN_OBJC_ROOT_CLASS = YES_ERROR;
				CLANG_WARN_SUSPICIOUS_MOVE = YES;
				CLANG_WARN_UNREACHABLE_CODE = YES;
				CLANG_WARN__DUPLICATE_METHOD_MATCH = YES;
				"CODE_SIGN_IDENTITY[sdk=iphoneos*]" = "iPhone Developer";
				COPY_PHASE_STRIP = NO;
				DEBUG_INFORMATION_FORMAT = dwarf;
				ENABLE_STRICT_OBJC_MSGSEND = YES;
				ENABLE_TESTABILITY = YES;
				GCC_C_LANGUAGE_STANDARD = gnu99;
				GCC_DYNAMIC_NO_PIC = NO;
				GCC_NO_COMMON_BLOCKS = YES;
				GCC_OPTIMIZATION_LEVEL = 0;
				GCC_PREPROCESSOR_DEFINITIONS = (
					"DEBUG=1",
					"$(inherited)",
				);
				GCC_WARN_64_TO_32_BIT_CONVERSION = YES;
				GCC_WARN_ABOUT_RETURN_TYPE = YES_ERROR;
				GCC_WARN_UNDECLARED_SELECTOR = YES;
				GCC_WARN_UNINITIALIZED_AUTOS = YES_AGGRESSIVE;
				GCC_WARN_UNUSED_FUNCTION = YES;
				GCC_WARN_UNUSED_VARIABLE = YES;
				IPHONEOS_DEPLOYMENT_TARGET = 10.2;
				MTL_ENABLE_DEBUG_INFO = YES;
				ONLY_ACTIVE_ARCH = YES;
				SDKROOT = iphoneos;
				SWIFT_ACTIVE_COMPILATION_CONDITIONS = DEBUG;
				SWIFT_OPTIMIZATION_LEVEL = "-Onone";
			};
			name = Debug;
		};
		955C3E3B1E700DAA006C023A /* Release */ = {
			isa = XCBuildConfiguration;
			buildSettings = {
				ALWAYS_SEARCH_USER_PATHS = NO;
				CLANG_ANALYZER_NONNULL = YES;
				CLANG_CXX_LANGUAGE_STANDARD = "gnu++0x";
				CLANG_CXX_LIBRARY = "libc++";
				CLANG_ENABLE_MODULES = YES;
				CLANG_ENABLE_OBJC_ARC = YES;
				CLANG_WARN_BOOL_CONVERSION = YES;
				CLANG_WARN_CONSTANT_CONVERSION = YES;
				CLANG_WARN_DIRECT_OBJC_ISA_USAGE = YES_ERROR;
				CLANG_WARN_DOCUMENTATION_COMMENTS = YES;
				CLANG_WARN_EMPTY_BODY = YES;
				CLANG_WARN_ENUM_CONVERSION = YES;
				CLANG_WARN_INFINITE_RECURSION = YES;
				CLANG_WARN_INT_CONVERSION = YES;
				CLANG_WARN_OBJC_ROOT_CLASS = YES_ERROR;
				CLANG_WARN_SUSPICIOUS_MOVE = YES;
				CLANG_WARN_UNREACHABLE_CODE = YES;
				CLANG_WARN__DUPLICATE_METHOD_MATCH = YES;
				"CODE_SIGN_IDENTITY[sdk=iphoneos*]" = "iPhone Developer";
				COPY_PHASE_STRIP = NO;
				DEBUG_INFORMATION_FORMAT = "dwarf-with-dsym";
				ENABLE_NS_ASSERTIONS = NO;
				ENABLE_STRICT_OBJC_MSGSEND = YES;
				GCC_C_LANGUAGE_STANDARD = gnu99;
				GCC_NO_COMMON_BLOCKS = YES;
				GCC_WARN_64_TO_32_BIT_CONVERSION = YES;
				GCC_WARN_ABOUT_RETURN_TYPE = YES_ERROR;
				GCC_WARN_UNDECLARED_SELECTOR = YES;
				GCC_WARN_UNINITIALIZED_AUTOS = YES_AGGRESSIVE;
				GCC_WARN_UNUSED_FUNCTION = YES;
				GCC_WARN_UNUSED_VARIABLE = YES;
				IPHONEOS_DEPLOYMENT_TARGET = 10.2;
				MTL_ENABLE_DEBUG_INFO = NO;
				SDKROOT = iphoneos;
				SWIFT_OPTIMIZATION_LEVEL = "-Owholemodule";
				VALIDATE_PRODUCT = YES;
			};
			name = Release;
		};
		955C3E3D1E700DAA006C023A /* Debug */ = {
			isa = XCBuildConfiguration;
			buildSettings = {
				ASSETCATALOG_COMPILER_APPICON_NAME = AppIcon;
				INFOPLIST_FILE = GoodAsOldPhones/Info.plist;
				LD_RUNPATH_SEARCH_PATHS = "$(inherited) @executable_path/Frameworks";
				PRODUCT_BUNDLE_IDENTIFIER = com.zby.GoodAsOldPhones;
				PRODUCT_NAME = "$(TARGET_NAME)";
				SWIFT_VERSION = 3.0;
			};
			name = Debug;
		};
		955C3E3E1E700DAA006C023A /* Release */ = {
			isa = XCBuildConfiguration;
			buildSettings = {
				ASSETCATALOG_COMPILER_APPICON_NAME = AppIcon;
				INFOPLIST_FILE = GoodAsOldPhones/Info.plist;
				LD_RUNPATH_SEARCH_PATHS = "$(inherited) @executable_path/Frameworks";
				PRODUCT_BUNDLE_IDENTIFIER = com.zby.GoodAsOldPhones;
				PRODUCT_NAME = "$(TARGET_NAME)";
				SWIFT_VERSION = 3.0;
			};
			name = Release;
		};
		955C3E401E700DAA006C023A /* Debug */ = {
			isa = XCBuildConfiguration;
			buildSettings = {
				ALWAYS_EMBED_SWIFT_STANDARD_LIBRARIES = YES;
				BUNDLE_LOADER = "$(TEST_HOST)";
				INFOPLIST_FILE = GoodAsOldPhonesTests/Info.plist;
				LD_RUNPATH_SEARCH_PATHS = "$(inherited) @executable_path/Frameworks @loader_path/Frameworks";
				PRODUCT_BUNDLE_IDENTIFIER = com.zby.GoodAsOldPhonesTests;
				PRODUCT_NAME = "$(TARGET_NAME)";
				SWIFT_VERSION = 3.0;
				TEST_HOST = "$(BUILT_PRODUCTS_DIR)/GoodAsOldPhones.app/GoodAsOldPhones";
			};
			name = Debug;
		};
		955C3E411E700DAA006C023A /* Release */ = {
			isa = XCBuildConfiguration;
			buildSettings = {
				ALWAYS_EMBED_SWIFT_STANDARD_LIBRARIES = YES;
				BUNDLE_LOADER = "$(TEST_HOST)";
				INFOPLIST_FILE = GoodAsOldPhonesTests/Info.plist;
				LD_RUNPATH_SEARCH_PATHS = "$(inherited) @executable_path/Frameworks @loader_path/Frameworks";
				PRODUCT_BUNDLE_IDENTIFIER = com.zby.GoodAsOldPhonesTests;
				PRODUCT_NAME = "$(TARGET_NAME)";
				SWIFT_VERSION = 3.0;
				TEST_HOST = "$(BUILT_PRODUCTS_DIR)/GoodAsOldPhones.app/GoodAsOldPhones";
			};
			name = Release;
		};
		955C3E431E700DAA006C023A /* Debug */ = {
			isa = XCBuildConfiguration;
			buildSettings = {
				ALWAYS_EMBED_SWIFT_STANDARD_LIBRARIES = YES;
				INFOPLIST_FILE = GoodAsOldPhonesUITests/Info.plist;
				LD_RUNPATH_SEARCH_PATHS = "$(inherited) @executable_path/Frameworks @loader_path/Frameworks";
				PRODUCT_BUNDLE_IDENTIFIER = com.zby.GoodAsOldPhonesUITests;
				PRODUCT_NAME = "$(TARGET_NAME)";
				SWIFT_VERSION = 3.0;
				TEST_TARGET_NAME = GoodAsOldPhones;
			};
			name = Debug;
		};
		955C3E441E700DAA006C023A /* Release */ = {
			isa = XCBuildConfiguration;
			buildSettings = {
				ALWAYS_EMBED_SWIFT_STANDARD_LIBRARIES = YES;
				INFOPLIST_FILE = GoodAsOldPhonesUITests/Info.plist;
				LD_RUNPATH_SEARCH_PATHS = "$(inherited) @executable_path/Frameworks @loader_path/Frameworks";
				PRODUCT_BUNDLE_IDENTIFIER = com.zby.GoodAsOldPhonesUITests;
				PRODUCT_NAME = "$(TARGET_NAME)";
				SWIFT_VERSION = 3.0;
				TEST_TARGET_NAME = GoodAsOldPhones;
			};
			name = Release;
		};
/* End XCBuildConfiguration section */

/* Begin XCConfigurationList section */
		955C3E0F1E700DAA006C023A /* Build configuration list for PBXProject "GoodAsOldPhones" */ = {
			isa = XCConfigurationList;
			buildConfigurations = (
				955C3E3A1E700DAA006C023A /* Debug */,
				955C3E3B1E700DAA006C023A /* Release */,
			);
			defaultConfigurationIsVisible = 0;
			defaultConfigurationName = Release;
		};
		955C3E3C1E700DAA006C023A /* Build configuration list for PBXNativeTarget "GoodAsOldPhones" */ = {
			isa = XCConfigurationList;
			buildConfigurations = (
				955C3E3D1E700DAA006C023A /* Debug */,
				955C3E3E1E700DAA006C023A /* Release */,
			);
			defaultConfigurationIsVisible = 0;
		};
		955C3E3F1E700DAA006C023A /* Build configuration list for PBXNativeTarget "GoodAsOldPhonesTests" */ = {
			isa = XCConfigurationList;
			buildConfigurations = (
				955C3E401E700DAA006C023A /* Debug */,
				955C3E411E700DAA006C023A /* Release */,
			);
			defaultConfigurationIsVisible = 0;
		};
		955C3E421E700DAA006C023A /* Build configuration list for PBXNativeTarget "GoodAsOldPhonesUITests" */ = {
			isa = XCConfigurationList;
			buildConfigurations = (
				955C3E431E700DAA006C023A /* Debug */,
				955C3E441E700DAA006C023A /* Release */,
			);
			defaultConfigurationIsVisible = 0;
		};
/* End XCConfigurationList section */
	};
	rootObject = 955C3E0C1E700DAA006C023A /* Project object */;
}
